<?xml version="1.0" encoding="UTF-8"?>
<Scheme>
   <BuildAction>
      <PreActions>
         <ExecutionAction
            ActionType = "Xcode.IDEStandardExecutionActionsCore.ExecutionActionType.ShellScriptAction">
            <ActionContent
               title = "clone the libraries&apos; releases"
               scriptText = "git -c advice.detachedHead=false clone -b v1.3.5 --depth 1 https://github.com/xiph/ogg ${WORKSPACE_PATH}/../../libogg&#10;git -c advice.detachedHead=false clone -b v1.3.7 --depth 1 https://github.com/xiph/vorbis ${WORKSPACE_PATH}/../../libvorbis&#10;git -c advice.detachedHead=false clone -b munt_2_7_0 --depth 1 https://github.com/munt/munt ${WORKSPACE_PATH}/../../libmt32emu&#10;git -c advice.detachedHead=false clone -b release-2.26.1 --depth 1 https://github.com/libsdl-org/sdl ${WORKSPACE_PATH}/../../SDL2&#10;">
            </ActionContent>
         </ExecutionAction>
      </PreActions>
      <BuildActionEntries>
         <BuildActionEntry

            buildForRunning = "YES"
            buildForProfiling = "YES"
            buildForArchiving = "YES"
            buildForAnalyzing = "YES">
            <BuildableReference
               BuildableIdentifier = "primary"
               BuildableName = "Exult.app"
               BlueprintName = "Exult"
               ReferencedContainer = "container:Exult.xcodeproj">
            </BuildableReference>
         </BuildActionEntry>
      </BuildActionEntries>
   </BuildAction>
   <LaunchAction>
      <BuildableProductRunnable>
         <BuildableReference
            BuildableIdentifier = "primary"
            BuildableName = "Exult.app"
            BlueprintName = "Exult"
            ReferencedContainer = "container:Exult.xcodeproj">
         </BuildableReference>
      </BuildableProductRunnable>
   </LaunchAction>
   <ProfileAction
      buildConfiguration = "Release">
      <BuildableProductRunnable
         runnableDebuggingMode = "0">
         <BuildableReference
            BuildableIdentifier = "primary"
            BuildableName = "Exult.app"
            BlueprintName = "Exult"
            ReferencedContainer = "container:Exult.xcodeproj">
         </BuildableReference>
      </BuildableProductRunnable>
   </ProfileAction>
   <AnalyzeAction
      buildConfiguration = "Debug">
   </AnalyzeAction>
   <ArchiveAction
      buildConfiguration = "Release"
      revealArchiveInOrganizer = "YES">
   </ArchiveAction>
</Scheme>
