
Microsoft Visual Studio Solution File, Format Version 12.00
# Visual Studio Version 17
VisualStudioVersion = 17.4.32804.182
MinimumVisualStudioVersion = 10.0.40219.1
Project("{8BC9CEB8-8B4A-11D0-8D11-00A0C91BC942}") = "Exult", "Exult.vcxproj", "{A5813648-2268-48AF-8D04-36CF6F0A73AF}"
	ProjectSection(ProjectDependencies) = postProject
		{7D388E0F-AA32-459F-83FD-037299591DD6} = {7D388E0F-AA32-459F-83FD-037299591DD6}
	EndProjectSection
EndProject
Project("{8BC9CEB8-8B4A-11D0-8D11-00A0C91BC942}") = "expack", "expack\expack.vcxproj", "{7D388E0F-AA32-459F-83FD-037299591DD6}"
EndProject
Project("{8BC9CEB8-8B4A-11D0-8D11-00A0C91BC942}") = "exconfig", "exconfig\exconfig.vcxproj", "{567827FF-4807-417D-BFEC-1778E0FCC24B}"
EndProject
Global
	GlobalSection(SolutionConfigurationPlatforms) = preSolution
		Debug Mt32Emu|x64 = Debug Mt32Emu|x64
		Debug Mt32Emu|x86 = Debug Mt32Emu|x86
		Debug|x64 = Debug|x64
		Debug|x86 = Debug|x86
		Release|x64 = Release|x64
		Release|x86 = Release|x86
	EndGlobalSection
	GlobalSection(ProjectConfigurationPlatforms) = postSolution
		{A5813648-2268-48AF-8D04-36CF6F0A73AF}.Debug Mt32Emu|x64.ActiveCfg = Debug Mt32Emu|x64
		{A5813648-2268-48AF-8D04-36CF6F0A73AF}.Debug Mt32Emu|x64.Build.0 = Debug Mt32Emu|x64
		{A5813648-2268-48AF-8D04-36CF6F0A73AF}.Debug Mt32Emu|x86.ActiveCfg = Debug Mt32Emu|Win32
		{A5813648-2268-48AF-8D04-36CF6F0A73AF}.Debug Mt32Emu|x86.Build.0 = Debug Mt32Emu|Win32
		{A5813648-2268-48AF-8D04-36CF6F0A73AF}.Debug|x64.ActiveCfg = Debug|x64
		{A5813648-2268-48AF-8D04-36CF6F0A73AF}.Debug|x64.Build.0 = Debug|x64
		{A5813648-2268-48AF-8D04-36CF6F0A73AF}.Debug|x86.ActiveCfg = Debug|Win32
		{A5813648-2268-48AF-8D04-36CF6F0A73AF}.Debug|x86.Build.0 = Debug|Win32
		{A5813648-2268-48AF-8D04-36CF6F0A73AF}.Release|x64.ActiveCfg = Release|x64
		{A5813648-2268-48AF-8D04-36CF6F0A73AF}.Release|x64.Build.0 = Release|x64
		{A5813648-2268-48AF-8D04-36CF6F0A73AF}.Release|x86.ActiveCfg = Release|Win32
		{A5813648-2268-48AF-8D04-36CF6F0A73AF}.Release|x86.Build.0 = Release|Win32
		{7D388E0F-AA32-459F-83FD-037299591DD6}.Debug Mt32Emu|x64.ActiveCfg = Debug|x64
		{7D388E0F-AA32-459F-83FD-037299591DD6}.Debug Mt32Emu|x64.Build.0 = Debug|x64
		{7D388E0F-AA32-459F-83FD-037299591DD6}.Debug Mt32Emu|x86.ActiveCfg = Debug|Win32
		{7D388E0F-AA32-459F-83FD-037299591DD6}.Debug Mt32Emu|x86.Build.0 = Debug|Win32
		{7D388E0F-AA32-459F-83FD-037299591DD6}.Debug|x64.ActiveCfg = Debug|x64
		{7D388E0F-AA32-459F-83FD-037299591DD6}.Debug|x64.Build.0 = Debug|x64
		{7D388E0F-AA32-459F-83FD-037299591DD6}.Debug|x86.ActiveCfg = Debug|Win32
		{7D388E0F-AA32-459F-83FD-037299591DD6}.Debug|x86.Build.0 = Debug|Win32
		{7D388E0F-AA32-459F-83FD-037299591DD6}.Release|x64.ActiveCfg = Release|x64
		{7D388E0F-AA32-459F-83FD-037299591DD6}.Release|x64.Build.0 = Release|x64
		{7D388E0F-AA32-459F-83FD-037299591DD6}.Release|x86.ActiveCfg = Release|Win32
		{7D388E0F-AA32-459F-83FD-037299591DD6}.Release|x86.Build.0 = Release|Win32
		{567827FF-4807-417D-BFEC-1778E0FCC24B}.Debug Mt32Emu|x64.ActiveCfg = Debug|Win32
		{567827FF-4807-417D-BFEC-1778E0FCC24B}.Debug Mt32Emu|x86.ActiveCfg = Debug|Win32
		{567827FF-4807-417D-BFEC-1778E0FCC24B}.Debug Mt32Emu|x86.Build.0 = Debug|Win32
		{567827FF-4807-417D-BFEC-1778E0FCC24B}.Debug|x64.ActiveCfg = Debug|x64
		{567827FF-4807-417D-BFEC-1778E0FCC24B}.Debug|x86.ActiveCfg = Debug|Win32
		{567827FF-4807-417D-BFEC-1778E0FCC24B}.Debug|x86.Build.0 = Debug|Win32
		{567827FF-4807-417D-BFEC-1778E0FCC24B}.Release|x64.ActiveCfg = Release|Win32
		{567827FF-4807-417D-BFEC-1778E0FCC24B}.Release|x86.ActiveCfg = Release|Win32
		{567827FF-4807-417D-BFEC-1778E0FCC24B}.Release|x86.Build.0 = Release|Win32
	EndGlobalSection
	GlobalSection(SolutionProperties) = preSolution
		HideSolutionNode = FALSE
	EndGlobalSection
	GlobalSection(ExtensibilityGlobals) = postSolution
		SolutionGuid = {1F4FE74B-7065-4211-82A0-57B8ACCB0B7F}
	EndGlobalSection
EndGlobal
